<Solution>
  <Folder Name="/Exercise1/">
    <Project Path="IsOddOrNot/IsOddOrNot.csproj" Id="a3a41dd0-92df-45a0-87ab-db29f56f9fa6" />
  </Folder>
  <Folder Name="/Exercise10/">
    <Project Path="ProductValueCalc/ProductValueCalc.csproj" Id="62774570-ec19-4bfd-8c61-d687febf5331" />
  </Folder>
  <Folder Name="/Exercise11/">
    <Project Path="TransportBusiness/TransportBusiness.csproj" Id="a6874415-259f-49d8-8bfd-552cc0d03005" />
  </Folder>
  <Folder Name="/Exercise12/">
    <Project Path="NumberSeriesCalc/NumberSeriesCalc.csproj" Id="4c1a66ad-87ad-46bb-9cd4-6ab7056a9b70" />
  </Folder>
  <Folder Name="/Exercise13/">
    <Project Path="FactorialNumberCalc/FactorialNumberCalc.csproj" Id="3c8aa178-b71b-4767-98f9-5e19f23e8ce6" />
  </Folder>
  <Folder Name="/Exercise14/">
    <Project Path="TaylorSeries/TaylorSeries.csproj" Id="8da71a9b-50f0-4c97-b060-fe0850793101" />
  </Folder>
  <Folder Name="/Exercise15/">
    <Project Path="TaylorSequenceModded/TaylorSequenceModded.csproj" Id="db9be76e-8232-4b9f-adc3-a5c65d98e9f9" />
  </Folder>
  <Folder Name="/Exercise16/">
    <Project Path="CuadraticEcuation/CuadraticEcuation.csproj" Id="9dd0aa3c-4088-4a36-a6bc-6272328b8b61" />
  </Folder>
  <Folder Name="/Exercise17/">
    <Project Path="FibonacciSequence/FibonacciSequence.csproj" Id="68df2261-6dc4-415a-9342-560102896e34" />
  </Folder>
  <Folder Name="/Exercise2/">
    <Project Path="BiggerNumber/GreatestNumber.csproj" Id="a6d440fd-0d91-40e6-86e5-c81db17531e2" />
  </Folder>
  <Folder Name="/Exercise3/">
    <Project Path="NumberOrdenation/NumberSorting.csproj" Id="fbdf8132-45c5-4f06-a9e1-d332a31d06f2" />
  </Folder>
  <Folder Name="/Exercise4/">
    <Project Path="IsMultipleOfAnotherOrNah/IsMultipleOfAnotherOrNah.csproj" Id="208168d4-bcd4-4ed3-8cf2-0ae3781b0529" />
  </Folder>
  <Folder Name="/Exercise5/">
    <Project Path="LeapYear/LeapYear.csproj" Id="e77cee15-6523-469e-b330-e1ec915d0dc3" />
  </Folder>
  <Folder Name="/Exercise6/">
    <Project Path="BasicPayroll/BasicPayroll.csproj" Id="94514ae3-00d2-448e-a353-71f5f2852cb4" />
  </Folder>
  <Folder Name="/Exercise7/">
    <Project Path="Discounts/Discounts.csproj" Id="42bdb9d8-4b4d-44e6-9775-76e2c7c13635" />
  </Folder>
  <Folder Name="/Exercise8/">
    <Project Path="RegistrationValue/RegistrationValue.csproj" Id="e7eea9e1-f2e9-42ea-a0c4-cfe16f8ec66f" />
  </Folder>
  <Folder Name="/Exercise9/">
    <Project Path="GoodsSupplying/GoodsSupplying.csproj" Id="b7a454fe-86a9-4f8a-b286-a62b04a2cbff" />
  </Folder>
  <Folder Name="/Shared/">
    <Project Path="Shared/Shared.csproj" Id="a034b2c8-5554-4db9-a53f-1ac9230bf3c9" />
  </Folder>
</Solution>
